
Microsoft Visual Studio Solution File, Format Version 12.00
# Visual Studio 15
VisualStudioVersion = 15.0.28307.645
MinimumVisualStudioVersion = 10.0.40219.1
Project("{FAE04EC0-301F-11D3-BF4B-00C04F79EFBC}") = "Olymp", "olymp\Olymp.csproj", "{7719CB81-73F5-4FE2-8687-6FEF14989735}"
EndProject
Project("{FAE04EC0-301F-11D3-BF4B-00C04F79EFBC}") = "Olymp.Tests", "Olymp.Tests\Olymp.Tests.csproj", "{E4984BB2-6633-4A77-A835-CB75B75E71A3}"
EndProject
Project("{2150E333-8FDC-42A3-9474-1A3956D46DE8}") = "Solution Items", "Solution Items", "{D5F2FBD1-BAC2-4E0D-A879-56E45BD33575}"
	ProjectSection(SolutionItems) = preProject
		.editorconfig = .editorconfig
	EndProjectSection
EndProject
Project("{FAE04EC0-301F-11D3-BF4B-00C04F79EFBC}") = "Benchmarks", "Benchmarks\Benchmarks.csproj", "{47AB8BAB-07FF-4762-A238-637F3DAAF2F3}"
EndProject
Global
	GlobalSection(SolutionConfigurationPlatforms) = preSolution
		Debug|Any CPU = Debug|Any CPU
		Debug|x86 = Debug|x86
		Release|Any CPU = Release|Any CPU
		Release|x86 = Release|x86
	EndGlobalSection
	GlobalSection(ProjectConfigurationPlatforms) = postSolution
		{7719CB81-73F5-4FE2-8687-6FEF14989735}.Debug|Any CPU.ActiveCfg = Debug|Any CPU
		{7719CB81-73F5-4FE2-8687-6FEF14989735}.Debug|Any CPU.Build.0 = Debug|Any CPU
		{7719CB81-73F5-4FE2-8687-6FEF14989735}.Debug|x86.ActiveCfg = Debug|Any CPU
		{7719CB81-73F5-4FE2-8687-6FEF14989735}.Debug|x86.Build.0 = Debug|Any CPU
		{7719CB81-73F5-4FE2-8687-6FEF14989735}.Release|x86.ActiveCfg = Release|Any CPU
		{7719CB81-73F5-4FE2-8687-6FEF14989735}.Release|x86.Build.0 = Release|Any CPU
		{7719CB81-73F5-4FE2-8687-6FEF14989735}.Release|Any CPU.ActiveCfg = Release|Any CPU
		{7719CB81-73F5-4FE2-8687-6FEF14989735}.Release|Any CPU.Build.0 = Release|Any CPU
		{E4984BB2-6633-4A77-A835-CB75B75E71A3}.Debug|Any CPU.ActiveCfg = Debug|Any CPU
		{E4984BB2-6633-4A77-A835-CB75B75E71A3}.Debug|Any CPU.Build.0 = Debug|Any CPU
		{E4984BB2-6633-4A77-A835-CB75B75E71A3}.Debug|x86.ActiveCfg = Debug|Any CPU
		{E4984BB2-6633-4A77-A835-CB75B75E71A3}.Debug|x86.Build.0 = Debug|Any CPU
		{E4984BB2-6633-4A77-A835-CB75B75E71A3}.Release|x86.ActiveCfg = Release|Any CPU
		{E4984BB2-6633-4A77-A835-CB75B75E71A3}.Release|x86.Build.0 = Release|Any CPU
		{E4984BB2-6633-4A77-A835-CB75B75E71A3}.Release|Any CPU.ActiveCfg = Release|Any CPU
		{E4984BB2-6633-4A77-A835-CB75B75E71A3}.Release|Any CPU.Build.0 = Release|Any CPU
		{47AB8BAB-07FF-4762-A238-637F3DAAF2F3}.Debug|Any CPU.ActiveCfg = Debug|Any CPU
		{47AB8BAB-07FF-4762-A238-637F3DAAF2F3}.Debug|Any CPU.Build.0 = Debug|Any CPU
		{47AB8BAB-07FF-4762-A238-637F3DAAF2F3}.Debug|x86.ActiveCfg = Debug|Any CPU
		{47AB8BAB-07FF-4762-A238-637F3DAAF2F3}.Debug|x86.Build.0 = Debug|Any CPU
		{47AB8BAB-07FF-4762-A238-637F3DAAF2F3}.Release|Any CPU.ActiveCfg = Release|Any CPU
		{47AB8BAB-07FF-4762-A238-637F3DAAF2F3}.Release|Any CPU.Build.0 = Release|Any CPU
		{47AB8BAB-07FF-4762-A238-637F3DAAF2F3}.Release|x86.ActiveCfg = Release|Any CPU
		{47AB8BAB-07FF-4762-A238-637F3DAAF2F3}.Release|x86.Build.0 = Release|Any CPU
	EndGlobalSection
	GlobalSection(SolutionProperties) = preSolution
		HideSolutionNode = FALSE
	EndGlobalSection
	GlobalSection(ExtensibilityGlobals) = postSolution
		SolutionGuid = {4ACD12F3-11BE-4DC5-8B9C-036EB94FD7F1}
	EndGlobalSection
EndGlobal
